
Microsoft Visual Studio Solution File, Format Version 12.00
# Visual Studio 15
VisualStudioVersion = 15.0.26730.10
MinimumVisualStudioVersion = 10.0.40219.1
Project("{FAE04EC0-301F-11D3-BF4B-00C04F79EFBC}") = "7DTDCounter", "7DTDCounter\7DTDCounter.csproj", "{C3F195CE-2919-4CA5-85EB-564F4177A05F}"
EndProject
Global
	GlobalSection(SolutionConfigurationPlatforms) = preSolution
		Debug|Any CPU = Debug|Any CPU
		Release|Any CPU = Release|Any CPU
	EndGlobalSection
	GlobalSection(ProjectConfigurationPlatforms) = postSolution
		{C3F195CE-2919-4CA5-85EB-564F4177A05F}.Debug|Any CPU.ActiveCfg = Debug|Any CPU
		{C3F195CE-2919-4CA5-85EB-564F4177A05F}.Debug|Any CPU.Build.0 = Debug|Any CPU
		{C3F195CE-2919-4CA5-85EB-564F4177A05F}.Release|Any CPU.ActiveCfg = Release|Any CPU
		{C3F195CE-2919-4CA5-85EB-564F4177A05F}.Release|Any CPU.Build.0 = Release|Any CPU
	EndGlobalSection
	GlobalSection(SolutionProperties) = preSolution
		HideSolutionNode = FALSE
	EndGlobalSection
	GlobalSection(ExtensibilityGlobals) = postSolution
		SolutionGuid = {69557789-9D55-4CD5-AC8C-A62B15DCBC93}
	EndGlobalSection
EndGlobal
